
Microsoft Visual Studio Solution File, Format Version 12.00
# Visual Studio 15
VisualStudioVersion = 15.0.28307.168
MinimumVisualStudioVersion = 10.0.40219.1
Project("{FAE04EC0-301F-11D3-BF4B-00C04F79EFBC}") = "help", "help\help.csproj", "{50ECAA0C-F4B4-4E0F-B068-BEF371047B17}"
EndProject
Project("{FAE04EC0-301F-11D3-BF4B-00C04F79EFBC}") = "Teste", "Teste\Teste.csproj", "{FB635BDD-ABEA-4261-9D24-51A050712442}"
EndProject
Global
	GlobalSection(SolutionConfigurationPlatforms) = preSolution
		Debug|Any CPU = Debug|Any CPU
		Release|Any CPU = Release|Any CPU
	EndGlobalSection
	GlobalSection(ProjectConfigurationPlatforms) = postSolution
		{50ECAA0C-F4B4-4E0F-B068-BEF371047B17}.Debug|Any CPU.ActiveCfg = Debug|Any CPU
		{50ECAA0C-F4B4-4E0F-B068-BEF371047B17}.Debug|Any CPU.Build.0 = Debug|Any CPU
		{50ECAA0C-F4B4-4E0F-B068-BEF371047B17}.Release|Any CPU.ActiveCfg = Release|Any CPU
		{50ECAA0C-F4B4-4E0F-B068-BEF371047B17}.Release|Any CPU.Build.0 = Release|Any CPU
		{FB635BDD-ABEA-4261-9D24-51A050712442}.Debug|Any CPU.ActiveCfg = Debug|Any CPU
		{FB635BDD-ABEA-4261-9D24-51A050712442}.Debug|Any CPU.Build.0 = Debug|Any CPU
		{FB635BDD-ABEA-4261-9D24-51A050712442}.Release|Any CPU.ActiveCfg = Release|Any CPU
		{FB635BDD-ABEA-4261-9D24-51A050712442}.Release|Any CPU.Build.0 = Release|Any CPU
	EndGlobalSection
	GlobalSection(SolutionProperties) = preSolution
		HideSolutionNode = FALSE
	EndGlobalSection
	GlobalSection(ExtensibilityGlobals) = postSolution
		SolutionGuid = {616A5C3D-D971-4758-BAAF-8C7745671724}
	EndGlobalSection
EndGlobal
